
Microsoft Visual Studio Solution File, Format Version 12.00
# Visual Studio 2012
Project("{FAE04EC0-301F-11D3-BF4B-00C04F79EFBC}") = "JarvisBot", "TelegramBot\JarvisBot.csproj", "{D17DA423-E614-40F8-B25D-7F7F1B39A64B}"
EndProject
Global
	GlobalSection(SolutionConfigurationPlatforms) = preSolution
		Debug|x86 = Debug|x86
		Release|x86 = Release|x86
	EndGlobalSection
	GlobalSection(ProjectConfigurationPlatforms) = postSolution
		{D17DA423-E614-40F8-B25D-7F7F1B39A64B}.Debug|x86.ActiveCfg = Debug|x86
		{D17DA423-E614-40F8-B25D-7F7F1B39A64B}.Debug|x86.Build.0 = Debug|x86
		{D17DA423-E614-40F8-B25D-7F7F1B39A64B}.Release|x86.ActiveCfg = Release|x86
		{D17DA423-E614-40F8-B25D-7F7F1B39A64B}.Release|x86.Build.0 = Release|x86
	EndGlobalSection
EndGlobal
